// !$*UTF8*$!
{
	archiveVersion = 1;
	classes = {
	};
	objectVersion = 50;
	objects = {

/* Begin PBXBuildFile section */
		23A0000023C679510098D8EC /* NotificationsController.swift in Sources */ = {isa = PBXBuildFile; fileRef = 23A0FFFF23C679510098D8EC /* NotificationsController.swift */; };
		23A0000223C6795A0098D8EC /* ConversationsController.swift in Sources */ = {isa = PBXBuildFile; fileRef = 23A0000123C6795A0098D8EC /* ConversationsController.swift */; };
		23A0FFC823C6703B0098D8EC /* AppDelegate.swift in Sources */ = {isa = PBXBuildFile; fileRef = 23A0FFC723C6703B0098D8EC /* AppDelegate.swift */; };
		23A0FFCA23C6703B0098D8EC /* SceneDelegate.swift in Sources */ = {isa = PBXBuildFile; fileRef = 23A0FFC923C6703B0098D8EC /* SceneDelegate.swift */; };
		23A0FFD123C6703E0098D8EC /* Assets.xcassets in Resources */ = {isa = PBXBuildFile; fileRef = 23A0FFD023C6703E0098D8EC /* Assets.xcassets */; };
		23A0FFD423C6703E0098D8EC /* LaunchScreen.storyboard in Resources */ = {isa = PBXBuildFile; fileRef = 23A0FFD223C6703E0098D8EC /* LaunchScreen.storyboard */; };
		23A0FFE823C672D50098D8EC /* Main.storyboard in Resources */ = {isa = PBXBuildFile; fileRef = 23A0FFE723C672D50098D8EC /* Main.storyboard */; };
		23A0FFFA23C676CB0098D8EC /* MainTabController.swift in Sources */ = {isa = PBXBuildFile; fileRef = 23A0FFF923C676CB0098D8EC /* MainTabController.swift */; };
		23A0FFFC23C6791E0098D8EC /* FeedController.swift in Sources */ = {isa = PBXBuildFile; fileRef = 23A0FFFB23C6791E0098D8EC /* FeedController.swift */; };
		23A0FFFE23C679480098D8EC /* ExploreController.swift in Sources */ = {isa = PBXBuildFile; fileRef = 23A0FFFD23C679480098D8EC /* ExploreController.swift */; };
		23F80CEF23CB727F00AABB74 /* Extensions.swift in Sources */ = {isa = PBXBuildFile; fileRef = 23F80CEE23CB727F00AABB74 /* Extensions.swift */; };
		23F80CF223CB789900AABB74 /* LoginController.swift in Sources */ = {isa = PBXBuildFile; fileRef = 23F80CF123CB789900AABB74 /* LoginController.swift */; };
		23F80CF423CB78E800AABB74 /* RegistrationController.swift in Sources */ = {isa = PBXBuildFile; fileRef = 23F80CF323CB78E800AABB74 /* RegistrationController.swift */; };
		23F80CF623CB7FF700AABB74 /* Utilities.swift in Sources */ = {isa = PBXBuildFile; fileRef = 23F80CF523CB7FF700AABB74 /* Utilities.swift */; };
/* End PBXBuildFile section */

/* Begin PBXFileReference section */
		23A0000123C6795A0098D8EC /* ConversationsController.swift */ = {isa = PBXFileReference; lastKnownFileType = sourcecode.swift; path = ConversationsController.swift; sourceTree = "<group>"; };
		23A0FFC423C6703B0098D8EC /* TwitterTutorial.app */ = {isa = PBXFileReference; explicitFileType = wrapper.application; includeInIndex = 0; path = TwitterTutorial.app; sourceTree = BUILT_PRODUCTS_DIR; };
		23A0FFC723C6703B0098D8EC /* AppDelegate.swift */ = {isa = PBXFileReference; lastKnownFileType = sourcecode.swift; path = AppDelegate.swift; sourceTree = "<group>"; };
		23A0FFC923C6703B0098D8EC /* SceneDelegate.swift */ = {isa = PBXFileReference; lastKnownFileType = sourcecode.swift; path = SceneDelegate.swift; sourceTree = "<group>"; };
		23A0FFD023C6703E0098D8EC /* Assets.xcassets */ = {isa = PBXFileReference; lastKnownFileType = folder.assetcatalog; path = Assets.xcassets; sourceTree = "<group>"; };
		23A0FFD323C6703E0098D8EC /* Base */ = {isa = PBXFileReference; lastKnownFileType = file.storyboard; name = Base; path = Base.lproj/LaunchScreen.storyboard; sourceTree = "<group>"; };
		23A0FFD523C6703E0098D8EC /* Info.plist */ = {isa = PBXFileReference; lastKnownFileType = text.plist.xml; path = Info.plist; sourceTree = "<group>"; };
		23A0FFE723C672D50098D8EC /* Main.storyboard */ = {isa = PBXFileReference; fileEncoding = 4; lastKnownFileType = file.storyboard; path = Main.storyboard; sourceTree = "<group>"; };
		23A0FFF923C676CB0098D8EC /* MainTabController.swift */ = {isa = PBXFileReference; lastKnownFileType = sourcecode.swift; path = MainTabController.swift; sourceTree = "<group>"; };
		23A0FFFB23C6791E0098D8EC /* FeedController.swift */ = {isa = PBXFileReference; lastKnownFileType = sourcecode.swift; path = FeedController.swift; sourceTree = "<group>"; };
		23A0FFFD23C679480098D8EC /* ExploreController.swift */ = {isa = PBXFileReference; lastKnownFileType = sourcecode.swift; path = ExploreController.swift; sourceTree = "<group>"; };
		23A0FFFF23C679510098D8EC /* NotificationsController.swift */ = {isa = PBXFileReference; lastKnownFileType = sourcecode.swift; path = NotificationsController.swift; sourceTree = "<group>"; };
		23F80CEE23CB727F00AABB74 /* Extensions.swift */ = {isa = PBXFileReference; lastKnownFileType = sourcecode.swift; path = Extensions.swift; sourceTree = "<group>"; };
		23F80CF123CB789900AABB74 /* LoginController.swift */ = {isa = PBXFileReference; lastKnownFileType = sourcecode.swift; path = LoginController.swift; sourceTree = "<group>"; };
		23F80CF323CB78E800AABB74 /* RegistrationController.swift */ = {isa = PBXFileReference; lastKnownFileType = sourcecode.swift; path = RegistrationController.swift; sourceTree = "<group>"; };
		23F80CF523CB7FF700AABB74 /* Utilities.swift */ = {isa = PBXFileReference; lastKnownFileType = sourcecode.swift; path = Utilities.swift; sourceTree = "<group>"; };
/* End PBXFileReference section */

/* Begin PBXFrameworksBuildPhase section */
		23A0FFC123C6703B0098D8EC /* Frameworks */ = {
			isa = PBXFrameworksBuildPhase;
			buildActionMask = 2147483647;
			files = (
			);
			runOnlyForDeploymentPostprocessing = 0;
		};
/* End PBXFrameworksBuildPhase section */

/* Begin PBXGroup section */
		23A0FFBB23C6703B0098D8EC = {
			isa = PBXGroup;
			children = (
				23A0FFC623C6703B0098D8EC /* TwitterTutorial */,
				23A0FFC523C6703B0098D8EC /* Products */,
			);
			sourceTree = "<group>";
		};
		23A0FFC523C6703B0098D8EC /* Products */ = {
			isa = PBXGroup;
			children = (
				23A0FFC423C6703B0098D8EC /* TwitterTutorial.app */,
			);
			name = Products;
			sourceTree = "<group>";
		};
		23A0FFC623C6703B0098D8EC /* TwitterTutorial */ = {
			isa = PBXGroup;
			children = (
				23A0FFF823C6762A0098D8EC /* Model */,
				23A0FFF723C676290098D8EC /* View */,
				23A0FFF623C676280098D8EC /* ViewModel */,
				23A0FFF523C676260098D8EC /* Controller */,
				23A0FFF423C676250098D8EC /* API */,
				23A0FFF323C676170098D8EC /* Utils */,
				23A0FFC723C6703B0098D8EC /* AppDelegate.swift */,
				23A0FFC923C6703B0098D8EC /* SceneDelegate.swift */,
				23A0FFD023C6703E0098D8EC /* Assets.xcassets */,
				23A0FFE723C672D50098D8EC /* Main.storyboard */,
				23A0FFD223C6703E0098D8EC /* LaunchScreen.storyboard */,
				23A0FFD523C6703E0098D8EC /* Info.plist */,
			);
			path = TwitterTutorial;
			sourceTree = "<group>";
		};
		23A0FFF323C676170098D8EC /* Utils */ = {
			isa = PBXGroup;
			children = (
				23F80CEE23CB727F00AABB74 /* Extensions.swift */,
				23F80CF523CB7FF700AABB74 /* Utilities.swift */,
			);
			path = Utils;
			sourceTree = "<group>";
		};
		23A0FFF423C676250098D8EC /* API */ = {
			isa = PBXGroup;
			children = (
			);
			path = API;
			sourceTree = "<group>";
		};
		23A0FFF523C676260098D8EC /* Controller */ = {
			isa = PBXGroup;
			children = (
				23F80CF023CB788A00AABB74 /* Authentication */,
				23A0FFF923C676CB0098D8EC /* MainTabController.swift */,
				23A0FFFB23C6791E0098D8EC /* FeedController.swift */,
				23A0FFFD23C679480098D8EC /* ExploreController.swift */,
				23A0FFFF23C679510098D8EC /* NotificationsController.swift */,
				23A0000123C6795A0098D8EC /* ConversationsController.swift */,
			);
			path = Controller;
			sourceTree = "<group>";
		};
		23A0FFF623C676280098D8EC /* ViewModel */ = {
			isa = PBXGroup;
			children = (
			);
			path = ViewModel;
			sourceTree = "<group>";
		};
		23A0FFF723C676290098D8EC /* View */ = {
			isa = PBXGroup;
			children = (
			);
			path = View;
			sourceTree = "<group>";
		};
		23A0FFF823C6762A0098D8EC /* Model */ = {
			isa = PBXGroup;
			children = (
			);
			path = Model;
			sourceTree = "<group>";
		};
		23F80CF023CB788A00AABB74 /* Authentication */ = {
			isa = PBXGroup;
			children = (
				23F80CF123CB789900AABB74 /* LoginController.swift */,
				23F80CF323CB78E800AABB74 /* RegistrationController.swift */,
			);
			path = Authentication;
			sourceTree = "<group>";
		};
/* End PBXGroup section */

/* Begin PBXNativeTarget section */
		23A0FFC323C6703B0098D8EC /* TwitterTutorial */ = {
			isa = PBXNativeTarget;
			buildConfigurationList = 23A0FFD823C6703E0098D8EC /* Build configuration list for PBXNativeTarget "TwitterTutorial" */;
			buildPhases = (
				23A0FFC023C6703B0098D8EC /* Sources */,
				23A0FFC123C6703B0098D8EC /* Frameworks */,
				23A0FFC223C6703B0098D8EC /* Resources */,
			);
			buildRules = (
			);
			dependencies = (
			);
			name = TwitterTutorial;
			productName = TwitterTutorial;
			productReference = 23A0FFC423C6703B0098D8EC /* TwitterTutorial.app */;
			productType = "com.apple.product-type.application";
		};
/* End PBXNativeTarget section */

/* Begin PBXProject section */
		23A0FFBC23C6703B0098D8EC /* Project object */ = {
			isa = PBXProject;
			attributes = {
				LastSwiftUpdateCheck = 1100;
				LastUpgradeCheck = 1100;
				ORGANIZATIONNAME = "Stephan Dowless";
				TargetAttributes = {
					23A0FFC323C6703B0098D8EC = {
						CreatedOnToolsVersion = 11.0;
					};
				};
			};
			buildConfigurationList = 23A0FFBF23C6703B0098D8EC /* Build configuration list for PBXProject "TwitterTutorial" */;
			compatibilityVersion = "Xcode 9.3";
			developmentRegion = en;
			hasScannedForEncodings = 0;
			knownRegions = (
				en,
				Base,
			);
			mainGroup = 23A0FFBB23C6703B0098D8EC;
			productRefGroup = 23A0FFC523C6703B0098D8EC /* Products */;
			projectDirPath = "";
			projectRoot = "";
			targets = (
				23A0FFC323C6703B0098D8EC /* TwitterTutorial */,
			);
		};
/* End PBXProject section */

/* Begin PBXResourcesBuildPhase section */
		23A0FFC223C6703B0098D8EC /* Resources */ = {
			isa = PBXResourcesBuildPhase;
			buildActionMask = 2147483647;
			files = (
				23A0FFE823C672D50098D8EC /* Main.storyboard in Resources */,
				23A0FFD423C6703E0098D8EC /* LaunchScreen.storyboard in Resources */,
				23A0FFD123C6703E0098D8EC /* Assets.xcassets in Resources */,
			);
			runOnlyForDeploymentPostprocessing = 0;
		};
/* End PBXResourcesBuildPhase section */

/* Begin PBXSourcesBuildPhase section */
		23A0FFC023C6703B0098D8EC /* Sources */ = {
			isa = PBXSourcesBuildPhase;
			buildActionMask = 2147483647;
			files = (
				23A0000023C679510098D8EC /* NotificationsController.swift in Sources */,
				23A0000223C6795A0098D8EC /* ConversationsController.swift in Sources */,
				23F80CF623CB7FF700AABB74 /* Utilities.swift in Sources */,
				23A0FFC823C6703B0098D8EC /* AppDelegate.swift in Sources */,
				23F80CEF23CB727F00AABB74 /* Extensions.swift in Sources */,
				23A0FFFE23C679480098D8EC /* ExploreController.swift in Sources */,
				23A0FFCA23C6703B0098D8EC /* SceneDelegate.swift in Sources */,
				23A0FFFA23C676CB0098D8EC /* MainTabController.swift in Sources */,
				23F80CF223CB789900AABB74 /* LoginController.swift in Sources */,
				23F80CF423CB78E800AABB74 /* RegistrationController.swift in Sources */,
				23A0FFFC23C6791E0098D8EC /* FeedController.swift in Sources */,
			);
			runOnlyForDeploymentPostprocessing = 0;
		};
/* End PBXSourcesBuildPhase section */

/* Begin PBXVariantGroup section */
		23A0FFD223C6703E0098D8EC /* LaunchScreen.storyboard */ = {
			isa = PBXVariantGroup;
			children = (
				23A0FFD323C6703E0098D8EC /* Base */,
			);
			name = LaunchScreen.storyboard;
			sourceTree = "<group>";
		};
/* End PBXVariantGroup section */

/* Begin XCBuildConfiguration section */
		23A0FFD623C6703E0098D8EC /* Debug */ = {
			isa = XCBuildConfiguration;
			buildSettings = {
				ALWAYS_SEARCH_USER_PATHS = NO;
				CLANG_ANALYZER_NONNULL = YES;
				CLANG_ANALYZER_NUMBER_OBJECT_CONVERSION = YES_AGGRESSIVE;
				CLANG_CXX_LANGUAGE_STANDARD = "gnu++14";
				CLANG_CXX_LIBRARY = "libc++";
				CLANG_ENABLE_MODULES = YES;
				CLANG_ENABLE_OBJC_ARC = YES;
				CLANG_ENABLE_OBJC_WEAK = YES;
				CLANG_WARN_BLOCK_CAPTURE_AUTORELEASING = YES;
				CLANG_WARN_BOOL_CONVERSION = YES;
				CLANG_WARN_COMMA = YES;
				CLANG_WARN_CONSTANT_CONVERSION = YES;
				CLANG_WARN_DEPRECATED_OBJC_IMPLEMENTATIONS = YES;
				CLANG_WARN_DIRECT_OBJC_ISA_USAGE = YES_ERROR;
				CLANG_WARN_DOCUMENTATION_COMMENTS = YES;
				CLANG_WARN_EMPTY_BODY = YES;
				CLANG_WARN_ENUM_CONVERSION = YES;
				CLANG_WARN_INFINITE_RECURSION = YES;
				CLANG_WARN_INT_CONVERSION = YES;
				CLANG_WARN_NON_LITERAL_NULL_CONVERSION = YES;
				CLANG_WARN_OBJC_IMPLICIT_RETAIN_SELF = YES;
				CLANG_WARN_OBJC_LITERAL_CONVERSION = YES;
				CLANG_WARN_OBJC_ROOT_CLASS = YES_ERROR;
				CLANG_WARN_RANGE_LOOP_ANALYSIS = YES;
				CLANG_WARN_STRICT_PROTOTYPES = YES;
				CLANG_WARN_SUSPICIOUS_MOVE = YES;
				CLANG_WARN_UNGUARDED_AVAILABILITY = YES_AGGRESSIVE;
				CLANG_WARN_UNREACHABLE_CODE = YES;
				CLANG_WARN__DUPLICATE_METHOD_MATCH = YES;
				COPY_PHASE_STRIP = NO;
				DEBUG_INFORMATION_FORMAT = dwarf;
				ENABLE_STRICT_OBJC_MSGSEND = YES;
				ENABLE_TESTABILITY = YES;
				GCC_C_LANGUAGE_STANDARD = gnu11;
				GCC_DYNAMIC_NO_PIC = NO;
				GCC_NO_COMMON_BLOCKS = YES;
				GCC_OPTIMIZATION_LEVEL = 0;
				GCC_PREPROCESSOR_DEFINITIONS = (
					"DEBUG=1",
					"$(inherited)",
				);
				GCC_WARN_64_TO_32_BIT_CONVERSION = YES;
				GCC_WARN_ABOUT_RETURN_TYPE = YES_ERROR;
				GCC_WARN_UNDECLARED_SELECTOR = YES;
				GCC_WARN_UNINITIALIZED_AUTOS = YES_AGGRESSIVE;
				GCC_WARN_UNUSED_FUNCTION = YES;
				GCC_WARN_UNUSED_VARIABLE = YES;
				IPHONEOS_DEPLOYMENT_TARGET = 13.0;
				MTL_ENABLE_DEBUG_INFO = INCLUDE_SOURCE;
				MTL_FAST_MATH = YES;
				ONLY_ACTIVE_ARCH = YES;
				SDKROOT = iphoneos;
				SWIFT_ACTIVE_COMPILATION_CONDITIONS = DEBUG;
				SWIFT_OPTIMIZATION_LEVEL = "-Onone";
			};
			name = Debug;
		};
		23A0FFD723C6703E0098D8EC /* Release */ = {
			isa = XCBuildConfiguration;
			buildSettings = {
				ALWAYS_SEARCH_USER_PATHS = NO;
				CLANG_ANALYZER_NONNULL = YES;
				CLANG_ANALYZER_NUMBER_OBJECT_CONVERSION = YES_AGGRESSIVE;
				CLANG_CXX_LANGUAGE_STANDARD = "gnu++14";
				CLANG_CXX_LIBRARY = "libc++";
				CLANG_ENABLE_MODULES = YES;
				CLANG_ENABLE_OBJC_ARC = YES;
				CLANG_ENABLE_OBJC_WEAK = YES;
				CLANG_WARN_BLOCK_CAPTURE_AUTORELEASING = YES;
				CLANG_WARN_BOOL_CONVERSION = YES;
				CLANG_WARN_COMMA = YES;
				CLANG_WARN_CONSTANT_CONVERSION = YES;
				CLANG_WARN_DEPRECATED_OBJC_IMPLEMENTATIONS = YES;
				CLANG_WARN_DIRECT_OBJC_ISA_USAGE = YES_ERROR;
				CLANG_WARN_DOCUMENTATION_COMMENTS = YES;
				CLANG_WARN_EMPTY_BODY = YES;
				CLANG_WARN_ENUM_CONVERSION = YES;
				CLANG_WARN_INFINITE_RECURSION = YES;
				CLANG_WARN_INT_CONVERSION = YES;
				CLANG_WARN_NON_LITERAL_NULL_CONVERSION = YES;
				CLANG_WARN_OBJC_IMPLICIT_RETAIN_SELF = YES;
				CLANG_WARN_OBJC_LITERAL_CONVERSION = YES;
				CLANG_WARN_OBJC_ROOT_CLASS = YES_ERROR;
				CLANG_WARN_RANGE_LOOP_ANALYSIS = YES;
				CLANG_WARN_STRICT_PROTOTYPES = YES;
				CLANG_WARN_SUSPICIOUS_MOVE = YES;
				CLANG_WARN_UNGUARDED_AVAILABILITY = YES_AGGRESSIVE;
				CLANG_WARN_UNREACHABLE_CODE = YES;
				CLANG_WARN__DUPLICATE_METHOD_MATCH = YES;
				COPY_PHASE_STRIP = NO;
				DEBUG_INFORMATION_FORMAT = "dwarf-with-dsym";
				ENABLE_NS_ASSERTIONS = NO;
				ENABLE_STRICT_OBJC_MSGSEND = YES;
				GCC_C_LANGUAGE_STANDARD = gnu11;
				GCC_NO_COMMON_BLOCKS = YES;
				GCC_WARN_64_TO_32_BIT_CONVERSION = YES;
				GCC_WARN_ABOUT_RETURN_TYPE = YES_ERROR;
				GCC_WARN_UNDECLARED_SELECTOR = YES;
				GCC_WARN_UNINITIALIZED_AUTOS = YES_AGGRESSIVE;
				GCC_WARN_UNUSED_FUNCTION = YES;
				GCC_WARN_UNUSED_VARIABLE = YES;
				IPHONEOS_DEPLOYMENT_TARGET = 13.0;
				MTL_ENABLE_DEBUG_INFO = NO;
				MTL_FAST_MATH = YES;
				SDKROOT = iphoneos;
				SWIFT_COMPILATION_MODE = wholemodule;
				SWIFT_OPTIMIZATION_LEVEL = "-O";
				VALIDATE_PRODUCT = YES;
			};
			name = Release;
		};
		23A0FFD923C6703E0098D8EC /* Debug */ = {
			isa = XCBuildConfiguration;
			buildSettings = {
				ASSETCATALOG_COMPILER_APPICON_NAME = AppIcon;
				CODE_SIGN_STYLE = Automatic;
				DEVELOPMENT_TEAM = LF78THV97C;
				INFOPLIST_FILE = TwitterTutorial/Info.plist;
				LD_RUNPATH_SEARCH_PATHS = (
					"$(inherited)",
					"@executable_path/Frameworks",
				);
				PRODUCT_BUNDLE_IDENTIFIER = com.stephandowless.TwitterTutorial;
				PRODUCT_NAME = "$(TARGET_NAME)";
				SWIFT_VERSION = 5.0;
				TARGETED_DEVICE_FAMILY = "1,2";
			};
			name = Debug;
		};
		23A0FFDA23C6703E0098D8EC /* Release */ = {
			isa = XCBuildConfiguration;
			buildSettings = {
				ASSETCATALOG_COMPILER_APPICON_NAME = AppIcon;
				CODE_SIGN_STYLE = Automatic;
				DEVELOPMENT_TEAM = LF78THV97C;
				INFOPLIST_FILE = TwitterTutorial/Info.plist;
				LD_RUNPATH_SEARCH_PATHS = (
					"$(inherited)",
					"@executable_path/Frameworks",
				);
				PRODUCT_BUNDLE_IDENTIFIER = com.stephandowless.TwitterTutorial;
				PRODUCT_NAME = "$(TARGET_NAME)";
				SWIFT_VERSION = 5.0;
				TARGETED_DEVICE_FAMILY = "1,2";
			};
			name = Release;
		};
/* End XCBuildConfiguration section */

/* Begin XCConfigurationList section */
		23A0FFBF23C6703B0098D8EC /* Build configuration list for PBXProject "TwitterTutorial" */ = {
			isa = XCConfigurationList;
			buildConfigurations = (
				23A0FFD623C6703E0098D8EC /* Debug */,
				23A0FFD723C6703E0098D8EC /* Release */,
			);
			defaultConfigurationIsVisible = 0;
			defaultConfigurationName = Release;
		};
		23A0FFD823C6703E0098D8EC /* Build configuration list for PBXNativeTarget "TwitterTutorial" */ = {
			isa = XCConfigurationList;
			buildConfigurations = (
				23A0FFD923C6703E0098D8EC /* Debug */,
				23A0FFDA23C6703E0098D8EC /* Release */,
			);
			defaultConfigurationIsVisible = 0;
			defaultConfigurationName = Release;
		};
/* End XCConfigurationList section */
	};
	rootObject = 23A0FFBC23C6703B0098D8EC /* Project object */;
}
