// !$*UTF8*$!
{
	archiveVersion = 1;
	classes = {
	};
	objectVersion = 50;
	objects = {

/* Begin PBXBuildFile section */
		2302B35723DF81FB00A68B17 /* UserService.swift in Sources */ = {isa = PBXBuildFile; fileRef = 2302B35623DF81FB00A68B17 /* UserService.swift */; };
		2302B35923DF864200A68B17 /* User.swift in Sources */ = {isa = PBXBuildFile; fileRef = 2302B35823DF864200A68B17 /* User.swift */; };
		2302B35B23E0CED400A68B17 /* UploadTweetController.swift in Sources */ = {isa = PBXBuildFile; fileRef = 2302B35A23E0CED400A68B17 /* UploadTweetController.swift */; };
		2302B35D23E0F12D00A68B17 /* InputTextView.swift in Sources */ = {isa = PBXBuildFile; fileRef = 2302B35C23E0F12D00A68B17 /* InputTextView.swift */; };
		2302B35F23E0F5AC00A68B17 /* TweetService.swift in Sources */ = {isa = PBXBuildFile; fileRef = 2302B35E23E0F5AC00A68B17 /* TweetService.swift */; };
		2302B36123E0F91F00A68B17 /* Tweet.swift in Sources */ = {isa = PBXBuildFile; fileRef = 2302B36023E0F91F00A68B17 /* Tweet.swift */; };
		2302B36323E0FDA600A68B17 /* TweetCell.swift in Sources */ = {isa = PBXBuildFile; fileRef = 2302B36223E0FDA600A68B17 /* TweetCell.swift */; };
		2347DA5F23F9ED7200B64686 /* EditProfileFooter.swift in Sources */ = {isa = PBXBuildFile; fileRef = 2347DA5E23F9ED7200B64686 /* EditProfileFooter.swift */; };
		236909BA23ECF837004998F6 /* UserCell.swift in Sources */ = {isa = PBXBuildFile; fileRef = 236909B923ECF837004998F6 /* UserCell.swift */; };
		236909BC23ED3EBA004998F6 /* TweetController.swift in Sources */ = {isa = PBXBuildFile; fileRef = 236909BB23ED3EBA004998F6 /* TweetController.swift */; };
		236909BE23ED4026004998F6 /* TweetHeader.swift in Sources */ = {isa = PBXBuildFile; fileRef = 236909BD23ED4026004998F6 /* TweetHeader.swift */; };
		236909C123EF1FB2004998F6 /* UploadTweetViewModel.swift in Sources */ = {isa = PBXBuildFile; fileRef = 236909C023EF1FB2004998F6 /* UploadTweetViewModel.swift */; };
		236909C323EF2C81004998F6 /* ActionSheetLauncher.swift in Sources */ = {isa = PBXBuildFile; fileRef = 236909C223EF2C81004998F6 /* ActionSheetLauncher.swift */; };
		236909C523EF321F004998F6 /* ActionSheetCell.swift in Sources */ = {isa = PBXBuildFile; fileRef = 236909C423EF321F004998F6 /* ActionSheetCell.swift */; };
		236909C723EF349A004998F6 /* ActionSheetViewModel.swift in Sources */ = {isa = PBXBuildFile; fileRef = 236909C623EF349A004998F6 /* ActionSheetViewModel.swift */; };
		236909CA23F20961004998F6 /* Notification.swift in Sources */ = {isa = PBXBuildFile; fileRef = 236909C923F20961004998F6 /* Notification.swift */; };
		236909CC23F20C71004998F6 /* NotificationService.swift in Sources */ = {isa = PBXBuildFile; fileRef = 236909CB23F20C71004998F6 /* NotificationService.swift */; };
		236909CE23F21430004998F6 /* NotificationCell.swift in Sources */ = {isa = PBXBuildFile; fileRef = 236909CD23F21430004998F6 /* NotificationCell.swift */; };
		236909D023F21977004998F6 /* NotificationViewModel.swift in Sources */ = {isa = PBXBuildFile; fileRef = 236909CF23F21977004998F6 /* NotificationViewModel.swift */; };
		2374CDF323E75268001BF228 /* ProfileHeaderViewModel.swift in Sources */ = {isa = PBXBuildFile; fileRef = 2374CDF223E75268001BF228 /* ProfileHeaderViewModel.swift */; };
		239144B323D63F91007492B2 /* AuthService.swift in Sources */ = {isa = PBXBuildFile; fileRef = 239144B223D63F91007492B2 /* AuthService.swift */; };
		23A0000023C679510098D8EC /* NotificationsController.swift in Sources */ = {isa = PBXBuildFile; fileRef = 23A0FFFF23C679510098D8EC /* NotificationsController.swift */; };
		23A0000223C6795A0098D8EC /* ConversationsController.swift in Sources */ = {isa = PBXBuildFile; fileRef = 23A0000123C6795A0098D8EC /* ConversationsController.swift */; };
		23A0FFC823C6703B0098D8EC /* AppDelegate.swift in Sources */ = {isa = PBXBuildFile; fileRef = 23A0FFC723C6703B0098D8EC /* AppDelegate.swift */; };
		23A0FFCA23C6703B0098D8EC /* SceneDelegate.swift in Sources */ = {isa = PBXBuildFile; fileRef = 23A0FFC923C6703B0098D8EC /* SceneDelegate.swift */; };
		23A0FFD123C6703E0098D8EC /* Assets.xcassets in Resources */ = {isa = PBXBuildFile; fileRef = 23A0FFD023C6703E0098D8EC /* Assets.xcassets */; };
		23A0FFD423C6703E0098D8EC /* LaunchScreen.storyboard in Resources */ = {isa = PBXBuildFile; fileRef = 23A0FFD223C6703E0098D8EC /* LaunchScreen.storyboard */; };
		23A0FFE823C672D50098D8EC /* Main.storyboard in Resources */ = {isa = PBXBuildFile; fileRef = 23A0FFE723C672D50098D8EC /* Main.storyboard */; };
		23A0FFFA23C676CB0098D8EC /* MainTabController.swift in Sources */ = {isa = PBXBuildFile; fileRef = 23A0FFF923C676CB0098D8EC /* MainTabController.swift */; };
		23A0FFFC23C6791E0098D8EC /* FeedController.swift in Sources */ = {isa = PBXBuildFile; fileRef = 23A0FFFB23C6791E0098D8EC /* FeedController.swift */; };
		23A0FFFE23C679480098D8EC /* ExploreController.swift in Sources */ = {isa = PBXBuildFile; fileRef = 23A0FFFD23C679480098D8EC /* ExploreController.swift */; };
		23A982B823E73ECA007EC32A /* ProfileHeader.swift in Sources */ = {isa = PBXBuildFile; fileRef = 23A982B723E73ECA007EC32A /* ProfileHeader.swift */; };
		23A982BA23E74427007EC32A /* ProfileFilterView.swift in Sources */ = {isa = PBXBuildFile; fileRef = 23A982B923E74427007EC32A /* ProfileFilterView.swift */; };
		23A982BC23E74554007EC32A /* ProfileFilterCell.swift in Sources */ = {isa = PBXBuildFile; fileRef = 23A982BB23E74554007EC32A /* ProfileFilterCell.swift */; };
		23AF9DD323F4BA03006E34A1 /* EditProfileController.swift in Sources */ = {isa = PBXBuildFile; fileRef = 23AF9DD223F4BA03006E34A1 /* EditProfileController.swift */; };
		23AF9DD623F4BC26006E34A1 /* EditProfileHeader.swift in Sources */ = {isa = PBXBuildFile; fileRef = 23AF9DD523F4BC26006E34A1 /* EditProfileHeader.swift */; };
		23AF9DD823F4BE7B006E34A1 /* EditProfileViewModel.swift in Sources */ = {isa = PBXBuildFile; fileRef = 23AF9DD723F4BE7B006E34A1 /* EditProfileViewModel.swift */; };
		23AF9DDA23F4BECC006E34A1 /* EditProfileCell.swift in Sources */ = {isa = PBXBuildFile; fileRef = 23AF9DD923F4BECC006E34A1 /* EditProfileCell.swift */; };
		23B391F423E4F5EC00D3D0E0 /* TweetViewModel.swift in Sources */ = {isa = PBXBuildFile; fileRef = 23B391F323E4F5EC00D3D0E0 /* TweetViewModel.swift */; };
		23B391F623E4FD0400D3D0E0 /* ProfileController.swift in Sources */ = {isa = PBXBuildFile; fileRef = 23B391F523E4FD0400D3D0E0 /* ProfileController.swift */; };
		23E0845B23D382D700DEFC65 /* GoogleService-Info.plist in Resources */ = {isa = PBXBuildFile; fileRef = 23E0845A23D382D700DEFC65 /* GoogleService-Info.plist */; };
		23E0845D23D38DD600DEFC65 /* Constants.swift in Sources */ = {isa = PBXBuildFile; fileRef = 23E0845C23D38DD600DEFC65 /* Constants.swift */; };
		23F80CEF23CB727F00AABB74 /* Extensions.swift in Sources */ = {isa = PBXBuildFile; fileRef = 23F80CEE23CB727F00AABB74 /* Extensions.swift */; };
		23F80CF223CB789900AABB74 /* LoginController.swift in Sources */ = {isa = PBXBuildFile; fileRef = 23F80CF123CB789900AABB74 /* LoginController.swift */; };
		23F80CF423CB78E800AABB74 /* RegistrationController.swift in Sources */ = {isa = PBXBuildFile; fileRef = 23F80CF323CB78E800AABB74 /* RegistrationController.swift */; };
		23F80CF623CB7FF700AABB74 /* Utilities.swift in Sources */ = {isa = PBXBuildFile; fileRef = 23F80CF523CB7FF700AABB74 /* Utilities.swift */; };
		265E106958559143CB6AE896 /* Pods_TwitterTutorial.framework in Frameworks */ = {isa = PBXBuildFile; fileRef = 04EC6029FE06DA8D6B1B25F9 /* Pods_TwitterTutorial.framework */; };
/* End PBXBuildFile section */

/* Begin PBXFileReference section */
		04EC6029FE06DA8D6B1B25F9 /* Pods_TwitterTutorial.framework */ = {isa = PBXFileReference; explicitFileType = wrapper.framework; includeInIndex = 0; path = Pods_TwitterTutorial.framework; sourceTree = BUILT_PRODUCTS_DIR; };
		2302B35623DF81FB00A68B17 /* UserService.swift */ = {isa = PBXFileReference; lastKnownFileType = sourcecode.swift; path = UserService.swift; sourceTree = "<group>"; };
		2302B35823DF864200A68B17 /* User.swift */ = {isa = PBXFileReference; lastKnownFileType = sourcecode.swift; path = User.swift; sourceTree = "<group>"; };
		2302B35A23E0CED400A68B17 /* UploadTweetController.swift */ = {isa = PBXFileReference; lastKnownFileType = sourcecode.swift; path = UploadTweetController.swift; sourceTree = "<group>"; };
		2302B35C23E0F12D00A68B17 /* InputTextView.swift */ = {isa = PBXFileReference; lastKnownFileType = sourcecode.swift; path = InputTextView.swift; sourceTree = "<group>"; };
		2302B35E23E0F5AC00A68B17 /* TweetService.swift */ = {isa = PBXFileReference; lastKnownFileType = sourcecode.swift; path = TweetService.swift; sourceTree = "<group>"; };
		2302B36023E0F91F00A68B17 /* Tweet.swift */ = {isa = PBXFileReference; lastKnownFileType = sourcecode.swift; path = Tweet.swift; sourceTree = "<group>"; };
		2302B36223E0FDA600A68B17 /* TweetCell.swift */ = {isa = PBXFileReference; lastKnownFileType = sourcecode.swift; path = TweetCell.swift; sourceTree = "<group>"; };
		2347DA5E23F9ED7200B64686 /* EditProfileFooter.swift */ = {isa = PBXFileReference; lastKnownFileType = sourcecode.swift; path = EditProfileFooter.swift; sourceTree = "<group>"; };
		236909B923ECF837004998F6 /* UserCell.swift */ = {isa = PBXFileReference; lastKnownFileType = sourcecode.swift; path = UserCell.swift; sourceTree = "<group>"; };
		236909BB23ED3EBA004998F6 /* TweetController.swift */ = {isa = PBXFileReference; lastKnownFileType = sourcecode.swift; path = TweetController.swift; sourceTree = "<group>"; };
		236909BD23ED4026004998F6 /* TweetHeader.swift */ = {isa = PBXFileReference; lastKnownFileType = sourcecode.swift; path = TweetHeader.swift; sourceTree = "<group>"; };
		236909C023EF1FB2004998F6 /* UploadTweetViewModel.swift */ = {isa = PBXFileReference; lastKnownFileType = sourcecode.swift; path = UploadTweetViewModel.swift; sourceTree = "<group>"; };
		236909C223EF2C81004998F6 /* ActionSheetLauncher.swift */ = {isa = PBXFileReference; lastKnownFileType = sourcecode.swift; path = ActionSheetLauncher.swift; sourceTree = "<group>"; };
		236909C423EF321F004998F6 /* ActionSheetCell.swift */ = {isa = PBXFileReference; lastKnownFileType = sourcecode.swift; path = ActionSheetCell.swift; sourceTree = "<group>"; };
		236909C623EF349A004998F6 /* ActionSheetViewModel.swift */ = {isa = PBXFileReference; lastKnownFileType = sourcecode.swift; path = ActionSheetViewModel.swift; sourceTree = "<group>"; };
		236909C923F20961004998F6 /* Notification.swift */ = {isa = PBXFileReference; lastKnownFileType = sourcecode.swift; path = Notification.swift; sourceTree = "<group>"; };
		236909CB23F20C71004998F6 /* NotificationService.swift */ = {isa = PBXFileReference; lastKnownFileType = sourcecode.swift; path = NotificationService.swift; sourceTree = "<group>"; };
		236909CD23F21430004998F6 /* NotificationCell.swift */ = {isa = PBXFileReference; lastKnownFileType = sourcecode.swift; path = NotificationCell.swift; sourceTree = "<group>"; };
		236909CF23F21977004998F6 /* NotificationViewModel.swift */ = {isa = PBXFileReference; lastKnownFileType = sourcecode.swift; path = NotificationViewModel.swift; sourceTree = "<group>"; };
		2374CDF223E75268001BF228 /* ProfileHeaderViewModel.swift */ = {isa = PBXFileReference; lastKnownFileType = sourcecode.swift; path = ProfileHeaderViewModel.swift; sourceTree = "<group>"; };
		239144B223D63F91007492B2 /* AuthService.swift */ = {isa = PBXFileReference; lastKnownFileType = sourcecode.swift; path = AuthService.swift; sourceTree = "<group>"; };
		23A0000123C6795A0098D8EC /* ConversationsController.swift */ = {isa = PBXFileReference; lastKnownFileType = sourcecode.swift; path = ConversationsController.swift; sourceTree = "<group>"; };
		23A0FFC423C6703B0098D8EC /* TwitterTutorial.app */ = {isa = PBXFileReference; explicitFileType = wrapper.application; includeInIndex = 0; path = TwitterTutorial.app; sourceTree = BUILT_PRODUCTS_DIR; };
		23A0FFC723C6703B0098D8EC /* AppDelegate.swift */ = {isa = PBXFileReference; lastKnownFileType = sourcecode.swift; path = AppDelegate.swift; sourceTree = "<group>"; };
		23A0FFC923C6703B0098D8EC /* SceneDelegate.swift */ = {isa = PBXFileReference; lastKnownFileType = sourcecode.swift; path = SceneDelegate.swift; sourceTree = "<group>"; };
		23A0FFD023C6703E0098D8EC /* Assets.xcassets */ = {isa = PBXFileReference; lastKnownFileType = folder.assetcatalog; path = Assets.xcassets; sourceTree = "<group>"; };
		23A0FFD323C6703E0098D8EC /* Base */ = {isa = PBXFileReference; lastKnownFileType = file.storyboard; name = Base; path = Base.lproj/LaunchScreen.storyboard; sourceTree = "<group>"; };
		23A0FFD523C6703E0098D8EC /* Info.plist */ = {isa = PBXFileReference; lastKnownFileType = text.plist.xml; path = Info.plist; sourceTree = "<group>"; };
		23A0FFE723C672D50098D8EC /* Main.storyboard */ = {isa = PBXFileReference; fileEncoding = 4; lastKnownFileType = file.storyboard; path = Main.storyboard; sourceTree = "<group>"; };
		23A0FFF923C676CB0098D8EC /* MainTabController.swift */ = {isa = PBXFileReference; lastKnownFileType = sourcecode.swift; path = MainTabController.swift; sourceTree = "<group>"; };
		23A0FFFB23C6791E0098D8EC /* FeedController.swift */ = {isa = PBXFileReference; lastKnownFileType = sourcecode.swift; path = FeedController.swift; sourceTree = "<group>"; };
		23A0FFFD23C679480098D8EC /* ExploreController.swift */ = {isa = PBXFileReference; lastKnownFileType = sourcecode.swift; path = ExploreController.swift; sourceTree = "<group>"; };
		23A0FFFF23C679510098D8EC /* NotificationsController.swift */ = {isa = PBXFileReference; lastKnownFileType = sourcecode.swift; path = NotificationsController.swift; sourceTree = "<group>"; };
		23A982B723E73ECA007EC32A /* ProfileHeader.swift */ = {isa = PBXFileReference; lastKnownFileType = sourcecode.swift; path = ProfileHeader.swift; sourceTree = "<group>"; };
		23A982B923E74427007EC32A /* ProfileFilterView.swift */ = {isa = PBXFileReference; lastKnownFileType = sourcecode.swift; path = ProfileFilterView.swift; sourceTree = "<group>"; };
		23A982BB23E74554007EC32A /* ProfileFilterCell.swift */ = {isa = PBXFileReference; lastKnownFileType = sourcecode.swift; path = ProfileFilterCell.swift; sourceTree = "<group>"; };
		23AF9DD223F4BA03006E34A1 /* EditProfileController.swift */ = {isa = PBXFileReference; lastKnownFileType = sourcecode.swift; path = EditProfileController.swift; sourceTree = "<group>"; };
		23AF9DD523F4BC26006E34A1 /* EditProfileHeader.swift */ = {isa = PBXFileReference; lastKnownFileType = sourcecode.swift; path = EditProfileHeader.swift; sourceTree = "<group>"; };
		23AF9DD723F4BE7B006E34A1 /* EditProfileViewModel.swift */ = {isa = PBXFileReference; lastKnownFileType = sourcecode.swift; path = EditProfileViewModel.swift; sourceTree = "<group>"; };
		23AF9DD923F4BECC006E34A1 /* EditProfileCell.swift */ = {isa = PBXFileReference; lastKnownFileType = sourcecode.swift; path = EditProfileCell.swift; sourceTree = "<group>"; };
		23B391F323E4F5EC00D3D0E0 /* TweetViewModel.swift */ = {isa = PBXFileReference; lastKnownFileType = sourcecode.swift; path = TweetViewModel.swift; sourceTree = "<group>"; };
		23B391F523E4FD0400D3D0E0 /* ProfileController.swift */ = {isa = PBXFileReference; lastKnownFileType = sourcecode.swift; path = ProfileController.swift; sourceTree = "<group>"; };
		23E0845A23D382D700DEFC65 /* GoogleService-Info.plist */ = {isa = PBXFileReference; lastKnownFileType = text.plist; path = "GoogleService-Info.plist"; sourceTree = SOURCE_ROOT; };
		23E0845C23D38DD600DEFC65 /* Constants.swift */ = {isa = PBXFileReference; lastKnownFileType = sourcecode.swift; path = Constants.swift; sourceTree = "<group>"; };
		23F80CEE23CB727F00AABB74 /* Extensions.swift */ = {isa = PBXFileReference; lastKnownFileType = sourcecode.swift; path = Extensions.swift; sourceTree = "<group>"; };
		23F80CF123CB789900AABB74 /* LoginController.swift */ = {isa = PBXFileReference; lastKnownFileType = sourcecode.swift; path = LoginController.swift; sourceTree = "<group>"; };
		23F80CF323CB78E800AABB74 /* RegistrationController.swift */ = {isa = PBXFileReference; lastKnownFileType = sourcecode.swift; path = RegistrationController.swift; sourceTree = "<group>"; };
		23F80CF523CB7FF700AABB74 /* Utilities.swift */ = {isa = PBXFileReference; lastKnownFileType = sourcecode.swift; path = Utilities.swift; sourceTree = "<group>"; };
		31220BF86388D8B42D8F8DAF /* Pods-TwitterTutorial.release.xcconfig */ = {isa = PBXFileReference; includeInIndex = 1; lastKnownFileType = text.xcconfig; name = "Pods-TwitterTutorial.release.xcconfig"; path = "Pods/Target Support Files/Pods-TwitterTutorial/Pods-TwitterTutorial.release.xcconfig"; sourceTree = "<group>"; };
		789228DDC5A15D3A224DA25A /* Pods-TwitterTutorial.debug.xcconfig */ = {isa = PBXFileReference; includeInIndex = 1; lastKnownFileType = text.xcconfig; name = "Pods-TwitterTutorial.debug.xcconfig"; path = "Pods/Target Support Files/Pods-TwitterTutorial/Pods-TwitterTutorial.debug.xcconfig"; sourceTree = "<group>"; };
/* End PBXFileReference section */

/* Begin PBXFrameworksBuildPhase section */
		23A0FFC123C6703B0098D8EC /* Frameworks */ = {
			isa = PBXFrameworksBuildPhase;
			buildActionMask = 2147483647;
			files = (
				265E106958559143CB6AE896 /* Pods_TwitterTutorial.framework in Frameworks */,
			);
			runOnlyForDeploymentPostprocessing = 0;
		};
/* End PBXFrameworksBuildPhase section */

/* Begin PBXGroup section */
		23A0FFBB23C6703B0098D8EC = {
			isa = PBXGroup;
			children = (
				23A0FFC623C6703B0098D8EC /* TwitterTutorial */,
				23A0FFC523C6703B0098D8EC /* Products */,
				79749EA1A69FB567A3F2B42B /* Pods */,
				F7129016E3D4B59AB1BE445B /* Frameworks */,
			);
			sourceTree = "<group>";
		};
		23A0FFC523C6703B0098D8EC /* Products */ = {
			isa = PBXGroup;
			children = (
				23A0FFC423C6703B0098D8EC /* TwitterTutorial.app */,
			);
			name = Products;
			sourceTree = "<group>";
		};
		23A0FFC623C6703B0098D8EC /* TwitterTutorial */ = {
			isa = PBXGroup;
			children = (
				23A0FFF823C6762A0098D8EC /* Model */,
				23A0FFF723C676290098D8EC /* View */,
				23A0FFF623C676280098D8EC /* ViewModel */,
				23A0FFF523C676260098D8EC /* Controller */,
				23A0FFF423C676250098D8EC /* API */,
				23A0FFF323C676170098D8EC /* Utils */,
				23A0FFC723C6703B0098D8EC /* AppDelegate.swift */,
				23A0FFC923C6703B0098D8EC /* SceneDelegate.swift */,
				23A0FFD023C6703E0098D8EC /* Assets.xcassets */,
				23A0FFE723C672D50098D8EC /* Main.storyboard */,
				23A0FFD223C6703E0098D8EC /* LaunchScreen.storyboard */,
				23E0845A23D382D700DEFC65 /* GoogleService-Info.plist */,
				23A0FFD523C6703E0098D8EC /* Info.plist */,
			);
			path = TwitterTutorial;
			sourceTree = "<group>";
		};
		23A0FFF323C676170098D8EC /* Utils */ = {
			isa = PBXGroup;
			children = (
				23F80CEE23CB727F00AABB74 /* Extensions.swift */,
				23F80CF523CB7FF700AABB74 /* Utilities.swift */,
				23E0845C23D38DD600DEFC65 /* Constants.swift */,
				236909C223EF2C81004998F6 /* ActionSheetLauncher.swift */,
			);
			path = Utils;
			sourceTree = "<group>";
		};
		23A0FFF423C676250098D8EC /* API */ = {
			isa = PBXGroup;
			children = (
				239144B223D63F91007492B2 /* AuthService.swift */,
				2302B35623DF81FB00A68B17 /* UserService.swift */,
				2302B35E23E0F5AC00A68B17 /* TweetService.swift */,
				236909CB23F20C71004998F6 /* NotificationService.swift */,
			);
			path = API;
			sourceTree = "<group>";
		};
		23A0FFF523C676260098D8EC /* Controller */ = {
			isa = PBXGroup;
			children = (
				23F80CF023CB788A00AABB74 /* Authentication */,
				23A0FFF923C676CB0098D8EC /* MainTabController.swift */,
				23A0FFFB23C6791E0098D8EC /* FeedController.swift */,
				23A0FFFD23C679480098D8EC /* ExploreController.swift */,
				23A0FFFF23C679510098D8EC /* NotificationsController.swift */,
				23A0000123C6795A0098D8EC /* ConversationsController.swift */,
				2302B35A23E0CED400A68B17 /* UploadTweetController.swift */,
				23B391F523E4FD0400D3D0E0 /* ProfileController.swift */,
				236909BB23ED3EBA004998F6 /* TweetController.swift */,
				23AF9DD223F4BA03006E34A1 /* EditProfileController.swift */,
			);
			path = Controller;
			sourceTree = "<group>";
		};
		23A0FFF623C676280098D8EC /* ViewModel */ = {
			isa = PBXGroup;
			children = (
				23B391F323E4F5EC00D3D0E0 /* TweetViewModel.swift */,
				2374CDF223E75268001BF228 /* ProfileHeaderViewModel.swift */,
				236909C023EF1FB2004998F6 /* UploadTweetViewModel.swift */,
				236909C623EF349A004998F6 /* ActionSheetViewModel.swift */,
				236909CF23F21977004998F6 /* NotificationViewModel.swift */,
				23AF9DD723F4BE7B006E34A1 /* EditProfileViewModel.swift */,
			);
			path = ViewModel;
			sourceTree = "<group>";
		};
		23A0FFF723C676290098D8EC /* View */ = {
			isa = PBXGroup;
			children = (
				23AF9DD423F4BC08006E34A1 /* Profile */,
				2302B35C23E0F12D00A68B17 /* InputTextView.swift */,
				2302B36223E0FDA600A68B17 /* TweetCell.swift */,
				236909B923ECF837004998F6 /* UserCell.swift */,
				236909BD23ED4026004998F6 /* TweetHeader.swift */,
				236909C423EF321F004998F6 /* ActionSheetCell.swift */,
				236909CD23F21430004998F6 /* NotificationCell.swift */,
			);
			path = View;
			sourceTree = "<group>";
		};
		23A0FFF823C6762A0098D8EC /* Model */ = {
			isa = PBXGroup;
			children = (
				2302B35823DF864200A68B17 /* User.swift */,
				2302B36023E0F91F00A68B17 /* Tweet.swift */,
				236909C923F20961004998F6 /* Notification.swift */,
			);
			path = Model;
			sourceTree = "<group>";
		};
		23AF9DD423F4BC08006E34A1 /* Profile */ = {
			isa = PBXGroup;
			children = (
				23A982B923E74427007EC32A /* ProfileFilterView.swift */,
				23A982BB23E74554007EC32A /* ProfileFilterCell.swift */,
				23A982B723E73ECA007EC32A /* ProfileHeader.swift */,
				23AF9DD523F4BC26006E34A1 /* EditProfileHeader.swift */,
				23AF9DD923F4BECC006E34A1 /* EditProfileCell.swift */,
				2347DA5E23F9ED7200B64686 /* EditProfileFooter.swift */,
			);
			path = Profile;
			sourceTree = "<group>";
		};
		23F80CF023CB788A00AABB74 /* Authentication */ = {
			isa = PBXGroup;
			children = (
				23F80CF123CB789900AABB74 /* LoginController.swift */,
				23F80CF323CB78E800AABB74 /* RegistrationController.swift */,
			);
			path = Authentication;
			sourceTree = "<group>";
		};
		79749EA1A69FB567A3F2B42B /* Pods */ = {
			isa = PBXGroup;
			children = (
				789228DDC5A15D3A224DA25A /* Pods-TwitterTutorial.debug.xcconfig */,
				31220BF86388D8B42D8F8DAF /* Pods-TwitterTutorial.release.xcconfig */,
			);
			name = Pods;
			sourceTree = "<group>";
		};
		F7129016E3D4B59AB1BE445B /* Frameworks */ = {
			isa = PBXGroup;
			children = (
				04EC6029FE06DA8D6B1B25F9 /* Pods_TwitterTutorial.framework */,
			);
			name = Frameworks;
			sourceTree = "<group>";
		};
/* End PBXGroup section */

/* Begin PBXNativeTarget section */
		23A0FFC323C6703B0098D8EC /* TwitterTutorial */ = {
			isa = PBXNativeTarget;
			buildConfigurationList = 23A0FFD823C6703E0098D8EC /* Build configuration list for PBXNativeTarget "TwitterTutorial" */;
			buildPhases = (
				020CC2E9A37B589AF79C8372 /* [CP] Check Pods Manifest.lock */,
				23A0FFC023C6703B0098D8EC /* Sources */,
				23A0FFC123C6703B0098D8EC /* Frameworks */,
				23A0FFC223C6703B0098D8EC /* Resources */,
				19D272CE8DAD3AC716F78C5A /* [CP] Embed Pods Frameworks */,
			);
			buildRules = (
			);
			dependencies = (
			);
			name = TwitterTutorial;
			productName = TwitterTutorial;
			productReference = 23A0FFC423C6703B0098D8EC /* TwitterTutorial.app */;
			productType = "com.apple.product-type.application";
		};
/* End PBXNativeTarget section */

/* Begin PBXProject section */
		23A0FFBC23C6703B0098D8EC /* Project object */ = {
			isa = PBXProject;
			attributes = {
				LastSwiftUpdateCheck = 1100;
				LastUpgradeCheck = 1100;
				ORGANIZATIONNAME = "Stephan Dowless";
				TargetAttributes = {
					23A0FFC323C6703B0098D8EC = {
						CreatedOnToolsVersion = 11.0;
					};
				};
			};
			buildConfigurationList = 23A0FFBF23C6703B0098D8EC /* Build configuration list for PBXProject "TwitterTutorial" */;
			compatibilityVersion = "Xcode 9.3";
			developmentRegion = en;
			hasScannedForEncodings = 0;
			knownRegions = (
				en,
				Base,
			);
			mainGroup = 23A0FFBB23C6703B0098D8EC;
			productRefGroup = 23A0FFC523C6703B0098D8EC /* Products */;
			projectDirPath = "";
			projectRoot = "";
			targets = (
				23A0FFC323C6703B0098D8EC /* TwitterTutorial */,
			);
		};
/* End PBXProject section */

/* Begin PBXResourcesBuildPhase section */
		23A0FFC223C6703B0098D8EC /* Resources */ = {
			isa = PBXResourcesBuildPhase;
			buildActionMask = 2147483647;
			files = (
				23A0FFE823C672D50098D8EC /* Main.storyboard in Resources */,
				23E0845B23D382D700DEFC65 /* GoogleService-Info.plist in Resources */,
				23A0FFD423C6703E0098D8EC /* LaunchScreen.storyboard in Resources */,
				23A0FFD123C6703E0098D8EC /* Assets.xcassets in Resources */,
			);
			runOnlyForDeploymentPostprocessing = 0;
		};
/* End PBXResourcesBuildPhase section */

/* Begin PBXShellScriptBuildPhase section */
		020CC2E9A37B589AF79C8372 /* [CP] Check Pods Manifest.lock */ = {
			isa = PBXShellScriptBuildPhase;
			buildActionMask = 2147483647;
			files = (
			);
			inputFileListPaths = (
			);
			inputPaths = (
				"${PODS_PODFILE_DIR_PATH}/Podfile.lock",
				"${PODS_ROOT}/Manifest.lock",
			);
			name = "[CP] Check Pods Manifest.lock";
			outputFileListPaths = (
			);
			outputPaths = (
				"$(DERIVED_FILE_DIR)/Pods-TwitterTutorial-checkManifestLockResult.txt",
			);
			runOnlyForDeploymentPostprocessing = 0;
			shellPath = /bin/sh;
			shellScript = "diff \"${PODS_PODFILE_DIR_PATH}/Podfile.lock\" \"${PODS_ROOT}/Manifest.lock\" > /dev/null\nif [ $? != 0 ] ; then\n    # print error to STDERR\n    echo \"error: The sandbox is not in sync with the Podfile.lock. Run 'pod install' or update your CocoaPods installation.\" >&2\n    exit 1\nfi\n# This output is used by Xcode 'outputs' to avoid re-running this script phase.\necho \"SUCCESS\" > \"${SCRIPT_OUTPUT_FILE_0}\"\n";
			showEnvVarsInLog = 0;
		};
		19D272CE8DAD3AC716F78C5A /* [CP] Embed Pods Frameworks */ = {
			isa = PBXShellScriptBuildPhase;
			buildActionMask = 2147483647;
			files = (
			);
			inputFileListPaths = (
			);
			inputPaths = (
				"${SRCROOT}/Pods/Target Support Files/Pods-TwitterTutorial/Pods-TwitterTutorial-frameworks.sh",
				"${BUILT_PRODUCTS_DIR}/ActiveLabel/ActiveLabel.framework",
				"${BUILT_PRODUCTS_DIR}/GTMSessionFetcher/GTMSessionFetcher.framework",
				"${BUILT_PRODUCTS_DIR}/GoogleUtilities/GoogleUtilities.framework",
				"${BUILT_PRODUCTS_DIR}/SDWebImage/SDWebImage.framework",
				"${BUILT_PRODUCTS_DIR}/leveldb-library/leveldb.framework",
				"${BUILT_PRODUCTS_DIR}/nanopb/nanopb.framework",
			);
			name = "[CP] Embed Pods Frameworks";
			outputFileListPaths = (
			);
			outputPaths = (
				"${TARGET_BUILD_DIR}/${FRAMEWORKS_FOLDER_PATH}/ActiveLabel.framework",
				"${TARGET_BUILD_DIR}/${FRAMEWORKS_FOLDER_PATH}/GTMSessionFetcher.framework",
				"${TARGET_BUILD_DIR}/${FRAMEWORKS_FOLDER_PATH}/GoogleUtilities.framework",
				"${TARGET_BUILD_DIR}/${FRAMEWORKS_FOLDER_PATH}/SDWebImage.framework",
				"${TARGET_BUILD_DIR}/${FRAMEWORKS_FOLDER_PATH}/leveldb.framework",
				"${TARGET_BUILD_DIR}/${FRAMEWORKS_FOLDER_PATH}/nanopb.framework",
			);
			runOnlyForDeploymentPostprocessing = 0;
			shellPath = /bin/sh;
			shellScript = "\"${SRCROOT}/Pods/Target Support Files/Pods-TwitterTutorial/Pods-TwitterTutorial-frameworks.sh\"\n";
			showEnvVarsInLog = 0;
		};
/* End PBXShellScriptBuildPhase section */

/* Begin PBXSourcesBuildPhase section */
		23A0FFC023C6703B0098D8EC /* Sources */ = {
			isa = PBXSourcesBuildPhase;
			buildActionMask = 2147483647;
			files = (
				2302B35723DF81FB00A68B17 /* UserService.swift in Sources */,
				23A0000023C679510098D8EC /* NotificationsController.swift in Sources */,
				2302B35D23E0F12D00A68B17 /* InputTextView.swift in Sources */,
				23A982BC23E74554007EC32A /* ProfileFilterCell.swift in Sources */,
				23A0000223C6795A0098D8EC /* ConversationsController.swift in Sources */,
				236909BA23ECF837004998F6 /* UserCell.swift in Sources */,
				23F80CF623CB7FF700AABB74 /* Utilities.swift in Sources */,
				23AF9DD323F4BA03006E34A1 /* EditProfileController.swift in Sources */,
				236909C523EF321F004998F6 /* ActionSheetCell.swift in Sources */,
				23A0FFC823C6703B0098D8EC /* AppDelegate.swift in Sources */,
				236909D023F21977004998F6 /* NotificationViewModel.swift in Sources */,
				23F80CEF23CB727F00AABB74 /* Extensions.swift in Sources */,
				236909BC23ED3EBA004998F6 /* TweetController.swift in Sources */,
				23B391F623E4FD0400D3D0E0 /* ProfileController.swift in Sources */,
				236909C123EF1FB2004998F6 /* UploadTweetViewModel.swift in Sources */,
				23A982B823E73ECA007EC32A /* ProfileHeader.swift in Sources */,
				23AF9DDA23F4BECC006E34A1 /* EditProfileCell.swift in Sources */,
				2302B36323E0FDA600A68B17 /* TweetCell.swift in Sources */,
				23A0FFFE23C679480098D8EC /* ExploreController.swift in Sources */,
				236909CA23F20961004998F6 /* Notification.swift in Sources */,
				239144B323D63F91007492B2 /* AuthService.swift in Sources */,
				2374CDF323E75268001BF228 /* ProfileHeaderViewModel.swift in Sources */,
				2302B35B23E0CED400A68B17 /* UploadTweetController.swift in Sources */,
				2302B35923DF864200A68B17 /* User.swift in Sources */,
				23AF9DD623F4BC26006E34A1 /* EditProfileHeader.swift in Sources */,
				23A0FFCA23C6703B0098D8EC /* SceneDelegate.swift in Sources */,
				23A0FFFA23C676CB0098D8EC /* MainTabController.swift in Sources */,
				236909CC23F20C71004998F6 /* NotificationService.swift in Sources */,
				23F80CF223CB789900AABB74 /* LoginController.swift in Sources */,
				236909BE23ED4026004998F6 /* TweetHeader.swift in Sources */,
				23B391F423E4F5EC00D3D0E0 /* TweetViewModel.swift in Sources */,
				236909C723EF349A004998F6 /* ActionSheetViewModel.swift in Sources */,
				236909CE23F21430004998F6 /* NotificationCell.swift in Sources */,
				23AF9DD823F4BE7B006E34A1 /* EditProfileViewModel.swift in Sources */,
				2347DA5F23F9ED7200B64686 /* EditProfileFooter.swift in Sources */,
				23F80CF423CB78E800AABB74 /* RegistrationController.swift in Sources */,
				23A0FFFC23C6791E0098D8EC /* FeedController.swift in Sources */,
				23A982BA23E74427007EC32A /* ProfileFilterView.swift in Sources */,
				23E0845D23D38DD600DEFC65 /* Constants.swift in Sources */,
				236909C323EF2C81004998F6 /* ActionSheetLauncher.swift in Sources */,
				2302B36123E0F91F00A68B17 /* Tweet.swift in Sources */,
				2302B35F23E0F5AC00A68B17 /* TweetService.swift in Sources */,
			);
			runOnlyForDeploymentPostprocessing = 0;
		};
/* End PBXSourcesBuildPhase section */

/* Begin PBXVariantGroup section */
		23A0FFD223C6703E0098D8EC /* LaunchScreen.storyboard */ = {
			isa = PBXVariantGroup;
			children = (
				23A0FFD323C6703E0098D8EC /* Base */,
			);
			name = LaunchScreen.storyboard;
			sourceTree = "<group>";
		};
/* End PBXVariantGroup section */

/* Begin XCBuildConfiguration section */
		23A0FFD623C6703E0098D8EC /* Debug */ = {
			isa = XCBuildConfiguration;
			buildSettings = {
				ALWAYS_SEARCH_USER_PATHS = NO;
				CLANG_ANALYZER_NONNULL = YES;
				CLANG_ANALYZER_NUMBER_OBJECT_CONVERSION = YES_AGGRESSIVE;
				CLANG_CXX_LANGUAGE_STANDARD = "gnu++14";
				CLANG_CXX_LIBRARY = "libc++";
				CLANG_ENABLE_MODULES = YES;
				CLANG_ENABLE_OBJC_ARC = YES;
				CLANG_ENABLE_OBJC_WEAK = YES;
				CLANG_WARN_BLOCK_CAPTURE_AUTORELEASING = YES;
				CLANG_WARN_BOOL_CONVERSION = YES;
				CLANG_WARN_COMMA = YES;
				CLANG_WARN_CONSTANT_CONVERSION = YES;
				CLANG_WARN_DEPRECATED_OBJC_IMPLEMENTATIONS = YES;
				CLANG_WARN_DIRECT_OBJC_ISA_USAGE = YES_ERROR;
				CLANG_WARN_DOCUMENTATION_COMMENTS = YES;
				CLANG_WARN_EMPTY_BODY = YES;
				CLANG_WARN_ENUM_CONVERSION = YES;
				CLANG_WARN_INFINITE_RECURSION = YES;
				CLANG_WARN_INT_CONVERSION = YES;
				CLANG_WARN_NON_LITERAL_NULL_CONVERSION = YES;
				CLANG_WARN_OBJC_IMPLICIT_RETAIN_SELF = YES;
				CLANG_WARN_OBJC_LITERAL_CONVERSION = YES;
				CLANG_WARN_OBJC_ROOT_CLASS = YES_ERROR;
				CLANG_WARN_RANGE_LOOP_ANALYSIS = YES;
				CLANG_WARN_STRICT_PROTOTYPES = YES;
				CLANG_WARN_SUSPICIOUS_MOVE = YES;
				CLANG_WARN_UNGUARDED_AVAILABILITY = YES_AGGRESSIVE;
				CLANG_WARN_UNREACHABLE_CODE = YES;
				CLANG_WARN__DUPLICATE_METHOD_MATCH = YES;
				COPY_PHASE_STRIP = NO;
				DEBUG_INFORMATION_FORMAT = dwarf;
				ENABLE_STRICT_OBJC_MSGSEND = YES;
				ENABLE_TESTABILITY = YES;
				GCC_C_LANGUAGE_STANDARD = gnu11;
				GCC_DYNAMIC_NO_PIC = NO;
				GCC_NO_COMMON_BLOCKS = YES;
				GCC_OPTIMIZATION_LEVEL = 0;
				GCC_PREPROCESSOR_DEFINITIONS = (
					"DEBUG=1",
					"$(inherited)",
				);
				GCC_WARN_64_TO_32_BIT_CONVERSION = YES;
				GCC_WARN_ABOUT_RETURN_TYPE = YES_ERROR;
				GCC_WARN_UNDECLARED_SELECTOR = YES;
				GCC_WARN_UNINITIALIZED_AUTOS = YES_AGGRESSIVE;
				GCC_WARN_UNUSED_FUNCTION = YES;
				GCC_WARN_UNUSED_VARIABLE = YES;
				IPHONEOS_DEPLOYMENT_TARGET = 13.0;
				MTL_ENABLE_DEBUG_INFO = INCLUDE_SOURCE;
				MTL_FAST_MATH = YES;
				ONLY_ACTIVE_ARCH = YES;
				SDKROOT = iphoneos;
				SWIFT_ACTIVE_COMPILATION_CONDITIONS = DEBUG;
				SWIFT_OPTIMIZATION_LEVEL = "-Onone";
			};
			name = Debug;
		};
		23A0FFD723C6703E0098D8EC /* Release */ = {
			isa = XCBuildConfiguration;
			buildSettings = {
				ALWAYS_SEARCH_USER_PATHS = NO;
				CLANG_ANALYZER_NONNULL = YES;
				CLANG_ANALYZER_NUMBER_OBJECT_CONVERSION = YES_AGGRESSIVE;
				CLANG_CXX_LANGUAGE_STANDARD = "gnu++14";
				CLANG_CXX_LIBRARY = "libc++";
				CLANG_ENABLE_MODULES = YES;
				CLANG_ENABLE_OBJC_ARC = YES;
				CLANG_ENABLE_OBJC_WEAK = YES;
				CLANG_WARN_BLOCK_CAPTURE_AUTORELEASING = YES;
				CLANG_WARN_BOOL_CONVERSION = YES;
				CLANG_WARN_COMMA = YES;
				CLANG_WARN_CONSTANT_CONVERSION = YES;
				CLANG_WARN_DEPRECATED_OBJC_IMPLEMENTATIONS = YES;
				CLANG_WARN_DIRECT_OBJC_ISA_USAGE = YES_ERROR;
				CLANG_WARN_DOCUMENTATION_COMMENTS = YES;
				CLANG_WARN_EMPTY_BODY = YES;
				CLANG_WARN_ENUM_CONVERSION = YES;
				CLANG_WARN_INFINITE_RECURSION = YES;
				CLANG_WARN_INT_CONVERSION = YES;
				CLANG_WARN_NON_LITERAL_NULL_CONVERSION = YES;
				CLANG_WARN_OBJC_IMPLICIT_RETAIN_SELF = YES;
				CLANG_WARN_OBJC_LITERAL_CONVERSION = YES;
				CLANG_WARN_OBJC_ROOT_CLASS = YES_ERROR;
				CLANG_WARN_RANGE_LOOP_ANALYSIS = YES;
				CLANG_WARN_STRICT_PROTOTYPES = YES;
				CLANG_WARN_SUSPICIOUS_MOVE = YES;
				CLANG_WARN_UNGUARDED_AVAILABILITY = YES_AGGRESSIVE;
				CLANG_WARN_UNREACHABLE_CODE = YES;
				CLANG_WARN__DUPLICATE_METHOD_MATCH = YES;
				COPY_PHASE_STRIP = NO;
				DEBUG_INFORMATION_FORMAT = "dwarf-with-dsym";
				ENABLE_NS_ASSERTIONS = NO;
				ENABLE_STRICT_OBJC_MSGSEND = YES;
				GCC_C_LANGUAGE_STANDARD = gnu11;
				GCC_NO_COMMON_BLOCKS = YES;
				GCC_WARN_64_TO_32_BIT_CONVERSION = YES;
				GCC_WARN_ABOUT_RETURN_TYPE = YES_ERROR;
				GCC_WARN_UNDECLARED_SELECTOR = YES;
				GCC_WARN_UNINITIALIZED_AUTOS = YES_AGGRESSIVE;
				GCC_WARN_UNUSED_FUNCTION = YES;
				GCC_WARN_UNUSED_VARIABLE = YES;
				IPHONEOS_DEPLOYMENT_TARGET = 13.0;
				MTL_ENABLE_DEBUG_INFO = NO;
				MTL_FAST_MATH = YES;
				SDKROOT = iphoneos;
				SWIFT_COMPILATION_MODE = wholemodule;
				SWIFT_OPTIMIZATION_LEVEL = "-O";
				VALIDATE_PRODUCT = YES;
			};
			name = Release;
		};
		23A0FFD923C6703E0098D8EC /* Debug */ = {
			isa = XCBuildConfiguration;
			baseConfigurationReference = 789228DDC5A15D3A224DA25A /* Pods-TwitterTutorial.debug.xcconfig */;
			buildSettings = {
				ASSETCATALOG_COMPILER_APPICON_NAME = AppIcon;
				CODE_SIGN_STYLE = Automatic;
				DEVELOPMENT_TEAM = LF78THV97C;
				INFOPLIST_FILE = TwitterTutorial/Info.plist;
				LD_RUNPATH_SEARCH_PATHS = (
					"$(inherited)",
					"@executable_path/Frameworks",
				);
				PRODUCT_BUNDLE_IDENTIFIER = com.stephandowless.TwitterTutorial;
				PRODUCT_NAME = "$(TARGET_NAME)";
				SWIFT_VERSION = 5.0;
				TARGETED_DEVICE_FAMILY = "1,2";
			};
			name = Debug;
		};
		23A0FFDA23C6703E0098D8EC /* Release */ = {
			isa = XCBuildConfiguration;
			baseConfigurationReference = 31220BF86388D8B42D8F8DAF /* Pods-TwitterTutorial.release.xcconfig */;
			buildSettings = {
				ASSETCATALOG_COMPILER_APPICON_NAME = AppIcon;
				CODE_SIGN_STYLE = Automatic;
				DEVELOPMENT_TEAM = LF78THV97C;
				INFOPLIST_FILE = TwitterTutorial/Info.plist;
				LD_RUNPATH_SEARCH_PATHS = (
					"$(inherited)",
					"@executable_path/Frameworks",
				);
				PRODUCT_BUNDLE_IDENTIFIER = com.stephandowless.TwitterTutorial;
				PRODUCT_NAME = "$(TARGET_NAME)";
				SWIFT_VERSION = 5.0;
				TARGETED_DEVICE_FAMILY = "1,2";
			};
			name = Release;
		};
/* End XCBuildConfiguration section */

/* Begin XCConfigurationList section */
		23A0FFBF23C6703B0098D8EC /* Build configuration list for PBXProject "TwitterTutorial" */ = {
			isa = XCConfigurationList;
			buildConfigurations = (
				23A0FFD623C6703E0098D8EC /* Debug */,
				23A0FFD723C6703E0098D8EC /* Release */,
			);
			defaultConfigurationIsVisible = 0;
			defaultConfigurationName = Release;
		};
		23A0FFD823C6703E0098D8EC /* Build configuration list for PBXNativeTarget "TwitterTutorial" */ = {
			isa = XCConfigurationList;
			buildConfigurations = (
				23A0FFD923C6703E0098D8EC /* Debug */,
				23A0FFDA23C6703E0098D8EC /* Release */,
			);
			defaultConfigurationIsVisible = 0;
			defaultConfigurationName = Release;
		};
/* End XCConfigurationList section */
	};
	rootObject = 23A0FFBC23C6703B0098D8EC /* Project object */;
}
